
Microsoft Visual Studio Solution File, Format Version 10.00
# Visual Studio 2008
Project("{FAE04EC0-301F-11D3-BF4B-00C04F79EFBC}") = "DummyTests.Silverlight3", "DummyTests.Silverlight3\DummyTests.Silverlight3.csproj", "{64B00C12-C537-48C6-872F-0624A977D8FF}"
EndProject
Global
	GlobalSection(SolutionConfigurationPlatforms) = preSolution
		Debug|Any CPU = Debug|Any CPU
		Release|Any CPU = Release|Any CPU
	EndGlobalSection
	GlobalSection(ProjectConfigurationPlatforms) = postSolution
		{64B00C12-C537-48C6-872F-0624A977D8FF}.Debug|Any CPU.ActiveCfg = Debug|Any CPU
		{64B00C12-C537-48C6-872F-0624A977D8FF}.Debug|Any CPU.Build.0 = Debug|Any CPU
		{64B00C12-C537-48C6-872F-0624A977D8FF}.Release|Any CPU.ActiveCfg = Release|Any CPU
		{64B00C12-C537-48C6-872F-0624A977D8FF}.Release|Any CPU.Build.0 = Release|Any CPU
	EndGlobalSection
	GlobalSection(SolutionProperties) = preSolution
		HideSolutionNode = FALSE
	EndGlobalSection
EndGlobal
