
Microsoft Visual Studio Solution File, Format Version 11.00
# Visual Studio 2010
Project("{FAE04EC0-301F-11D3-BF4B-00C04F79EFBC}") = "DummyTests.Silverlight3", "DummyTests.Silverlight3\DummyTests.Silverlight3.csproj", "{63800EC6-99F5-43C4-9F0C-982EE5E35A02}"
EndProject
Project("{FAE04EC0-301F-11D3-BF4B-00C04F79EFBC}") = "DummyTests.Silverlight4", "DummyTests.Silverlight4\DummyTests.Silverlight4.csproj", "{2EA79BEB-CD37-465B-A8DA-3E6724032708}"
EndProject
Project("{FAE04EC0-301F-11D3-BF4B-00C04F79EFBC}") = "DummyTests.Silverlight4.Other", "DummyTests.Silverlight4.Other\DummyTests.Silverlight4.Other.csproj", "{36C29AE2-6BC7-4B44-839E-B864113CEB63}"
EndProject
Project("{FAE04EC0-301F-11D3-BF4B-00C04F79EFBC}") = "DummyTests.DotNetMSTest", "DummyTests.DotNetMSTest\DummyTests.DotNetMSTest.csproj", "{A131F0E1-C4B9-494A-8DFD-17097EF563F3}"
EndProject
Project("{FAE04EC0-301F-11D3-BF4B-00C04F79EFBC}") = "DummyTests.DotNetNUnit", "DummyTests.DotNetNUnit\DummyTests.DotNetNUnit.csproj", "{E7821753-4C82-478C-9089-BE3EB0ABFDC9}"
EndProject
Project("{FAE04EC0-301F-11D3-BF4B-00C04F79EFBC}") = "DummyTests.Silverlight4.NUnit", "DummyTests.Silverlight4.NUnit\DummyTests.Silverlight4.NUnit.csproj", "{2D935DC6-C397-414D-87BB-22D77068340E}"
EndProject
Project("{FAE04EC0-301F-11D3-BF4B-00C04F79EFBC}") = "DummyTests.Silverlight4.XUnit", "DummyTests.Silverlight4.XUnit\DummyTests.Silverlight4.XUnit.csproj", "{50D495DE-3537-4A78-9152-5F965DCC1B94}"
EndProject
Project("{FAE04EC0-301F-11D3-BF4B-00C04F79EFBC}") = "DummyTests.DotNetXUnit", "DummyTests.DotNetXUnit\DummyTests.DotNetXUnit.csproj", "{A9B0AFBF-9000-4F07-86DB-0D499261D29A}"
EndProject
Project("{FAE04EC0-301F-11D3-BF4B-00C04F79EFBC}") = "DummyTests.Silverlight4.Library", "DummyTests.Silverlight4.Library\DummyTests.Silverlight4.Library.csproj", "{B4B7AC28-379A-4F8F-AF9D-623B1718BC37}"
EndProject
Project("{FAE04EC0-301F-11D3-BF4B-00C04F79EFBC}") = "DummyTests.Silverlight4.NUnit.TestDrivenProjectTemplate", "DummyTests.Silverlight4.NUnit.TestDrivenProjectTemplate\DummyTests.Silverlight4.NUnit.TestDrivenProjectTemplate.csproj", "{C9CCA388-1478-4CAB-BCCB-7686D544E640}"
EndProject
Project("{FAE04EC0-301F-11D3-BF4B-00C04F79EFBC}") = "DummyTests.Silverlight5", "DummyTests.Silverlight5\DummyTests.Silverlight5.csproj", "{98C4A7CB-A20C-45D9-A307-161DF0B38FB9}"
EndProject
Project("{FAE04EC0-301F-11D3-BF4B-00C04F79EFBC}") = "DummyTests.Silverlight5.Library", "DummyTests.Silverlight5.Library\DummyTests.Silverlight5.Library.csproj", "{DDE63C88-8ABE-4556-9DCA-387B43A23835}"
EndProject
Global
	GlobalSection(SolutionConfigurationPlatforms) = preSolution
		Debug|Any CPU = Debug|Any CPU
		Release|Any CPU = Release|Any CPU
	EndGlobalSection
	GlobalSection(ProjectConfigurationPlatforms) = postSolution
		{63800EC6-99F5-43C4-9F0C-982EE5E35A02}.Debug|Any CPU.ActiveCfg = Debug|Any CPU
		{63800EC6-99F5-43C4-9F0C-982EE5E35A02}.Debug|Any CPU.Build.0 = Debug|Any CPU
		{63800EC6-99F5-43C4-9F0C-982EE5E35A02}.Release|Any CPU.ActiveCfg = Release|Any CPU
		{63800EC6-99F5-43C4-9F0C-982EE5E35A02}.Release|Any CPU.Build.0 = Release|Any CPU
		{2EA79BEB-CD37-465B-A8DA-3E6724032708}.Debug|Any CPU.ActiveCfg = Debug|Any CPU
		{2EA79BEB-CD37-465B-A8DA-3E6724032708}.Debug|Any CPU.Build.0 = Debug|Any CPU
		{2EA79BEB-CD37-465B-A8DA-3E6724032708}.Release|Any CPU.ActiveCfg = Release|Any CPU
		{2EA79BEB-CD37-465B-A8DA-3E6724032708}.Release|Any CPU.Build.0 = Release|Any CPU
		{36C29AE2-6BC7-4B44-839E-B864113CEB63}.Debug|Any CPU.ActiveCfg = Debug|Any CPU
		{36C29AE2-6BC7-4B44-839E-B864113CEB63}.Debug|Any CPU.Build.0 = Debug|Any CPU
		{36C29AE2-6BC7-4B44-839E-B864113CEB63}.Release|Any CPU.ActiveCfg = Release|Any CPU
		{36C29AE2-6BC7-4B44-839E-B864113CEB63}.Release|Any CPU.Build.0 = Release|Any CPU
		{A131F0E1-C4B9-494A-8DFD-17097EF563F3}.Debug|Any CPU.ActiveCfg = Debug|Any CPU
		{A131F0E1-C4B9-494A-8DFD-17097EF563F3}.Debug|Any CPU.Build.0 = Debug|Any CPU
		{A131F0E1-C4B9-494A-8DFD-17097EF563F3}.Release|Any CPU.ActiveCfg = Release|Any CPU
		{A131F0E1-C4B9-494A-8DFD-17097EF563F3}.Release|Any CPU.Build.0 = Release|Any CPU
		{E7821753-4C82-478C-9089-BE3EB0ABFDC9}.Debug|Any CPU.ActiveCfg = Debug|Any CPU
		{E7821753-4C82-478C-9089-BE3EB0ABFDC9}.Debug|Any CPU.Build.0 = Debug|Any CPU
		{E7821753-4C82-478C-9089-BE3EB0ABFDC9}.Release|Any CPU.ActiveCfg = Release|Any CPU
		{E7821753-4C82-478C-9089-BE3EB0ABFDC9}.Release|Any CPU.Build.0 = Release|Any CPU
		{2D935DC6-C397-414D-87BB-22D77068340E}.Debug|Any CPU.ActiveCfg = Debug|Any CPU
		{2D935DC6-C397-414D-87BB-22D77068340E}.Debug|Any CPU.Build.0 = Debug|Any CPU
		{2D935DC6-C397-414D-87BB-22D77068340E}.Release|Any CPU.ActiveCfg = Release|Any CPU
		{2D935DC6-C397-414D-87BB-22D77068340E}.Release|Any CPU.Build.0 = Release|Any CPU
		{50D495DE-3537-4A78-9152-5F965DCC1B94}.Debug|Any CPU.ActiveCfg = Debug|Any CPU
		{50D495DE-3537-4A78-9152-5F965DCC1B94}.Debug|Any CPU.Build.0 = Debug|Any CPU
		{50D495DE-3537-4A78-9152-5F965DCC1B94}.Release|Any CPU.ActiveCfg = Release|Any CPU
		{50D495DE-3537-4A78-9152-5F965DCC1B94}.Release|Any CPU.Build.0 = Release|Any CPU
		{A9B0AFBF-9000-4F07-86DB-0D499261D29A}.Debug|Any CPU.ActiveCfg = Debug|Any CPU
		{A9B0AFBF-9000-4F07-86DB-0D499261D29A}.Debug|Any CPU.Build.0 = Debug|Any CPU
		{A9B0AFBF-9000-4F07-86DB-0D499261D29A}.Release|Any CPU.ActiveCfg = Release|Any CPU
		{A9B0AFBF-9000-4F07-86DB-0D499261D29A}.Release|Any CPU.Build.0 = Release|Any CPU
		{B4B7AC28-379A-4F8F-AF9D-623B1718BC37}.Debug|Any CPU.ActiveCfg = Debug|Any CPU
		{B4B7AC28-379A-4F8F-AF9D-623B1718BC37}.Debug|Any CPU.Build.0 = Debug|Any CPU
		{B4B7AC28-379A-4F8F-AF9D-623B1718BC37}.Release|Any CPU.ActiveCfg = Release|Any CPU
		{B4B7AC28-379A-4F8F-AF9D-623B1718BC37}.Release|Any CPU.Build.0 = Release|Any CPU
		{C9CCA388-1478-4CAB-BCCB-7686D544E640}.Debug|Any CPU.ActiveCfg = Debug|Any CPU
		{C9CCA388-1478-4CAB-BCCB-7686D544E640}.Debug|Any CPU.Build.0 = Debug|Any CPU
		{C9CCA388-1478-4CAB-BCCB-7686D544E640}.Release|Any CPU.ActiveCfg = Release|Any CPU
		{C9CCA388-1478-4CAB-BCCB-7686D544E640}.Release|Any CPU.Build.0 = Release|Any CPU
		{98C4A7CB-A20C-45D9-A307-161DF0B38FB9}.Debug|Any CPU.ActiveCfg = Debug|Any CPU
		{98C4A7CB-A20C-45D9-A307-161DF0B38FB9}.Debug|Any CPU.Build.0 = Debug|Any CPU
		{98C4A7CB-A20C-45D9-A307-161DF0B38FB9}.Release|Any CPU.ActiveCfg = Release|Any CPU
		{98C4A7CB-A20C-45D9-A307-161DF0B38FB9}.Release|Any CPU.Build.0 = Release|Any CPU
		{DDE63C88-8ABE-4556-9DCA-387B43A23835}.Debug|Any CPU.ActiveCfg = Debug|Any CPU
		{DDE63C88-8ABE-4556-9DCA-387B43A23835}.Debug|Any CPU.Build.0 = Debug|Any CPU
		{DDE63C88-8ABE-4556-9DCA-387B43A23835}.Release|Any CPU.ActiveCfg = Release|Any CPU
		{DDE63C88-8ABE-4556-9DCA-387B43A23835}.Release|Any CPU.Build.0 = Release|Any CPU
	EndGlobalSection
	GlobalSection(SolutionProperties) = preSolution
		HideSolutionNode = FALSE
	EndGlobalSection
EndGlobal
