
Microsoft Visual Studio Solution File, Format Version 11.00
# Visual Studio 2010
Project("{FAE04EC0-301F-11D3-BF4B-00C04F79EFBC}") = "AgUnit.Runner.Resharper60", "AgUnit.Runner.Resharper60\AgUnit.Runner.Resharper60.csproj", "{7FB3C508-1FDC-4664-962C-9BCBC3243595}"
EndProject
Project("{FAE04EC0-301F-11D3-BF4B-00C04F79EFBC}") = "AgUnit.Runner.Resharper60.TaskRunner", "AgUnit.Runner.Resharper60.TaskRunner\AgUnit.Runner.Resharper60.TaskRunner.csproj", "{812656A6-E7CC-4D51-993B-AC3592D7F753}"
EndProject
Project("{FAE04EC0-301F-11D3-BF4B-00C04F79EFBC}") = "StatLight.Core", "..\lib\sl\StatLight\src\StatLight.Core\StatLight.Core.csproj", "{AA6F387F-BB41-4FA8-B38A-7037A7C59716}"
EndProject
Global
	GlobalSection(SolutionConfigurationPlatforms) = preSolution
		Debug|Any CPU = Debug|Any CPU
		Debug|Mixed Platforms = Debug|Mixed Platforms
		Debug|x86 = Debug|x86
		Release|Any CPU = Release|Any CPU
		Release|Mixed Platforms = Release|Mixed Platforms
		Release|x86 = Release|x86
	EndGlobalSection
	GlobalSection(ProjectConfigurationPlatforms) = postSolution
		{7FB3C508-1FDC-4664-962C-9BCBC3243595}.Debug|Any CPU.ActiveCfg = Debug|Any CPU
		{7FB3C508-1FDC-4664-962C-9BCBC3243595}.Debug|Any CPU.Build.0 = Debug|Any CPU
		{7FB3C508-1FDC-4664-962C-9BCBC3243595}.Debug|Mixed Platforms.ActiveCfg = Debug|Any CPU
		{7FB3C508-1FDC-4664-962C-9BCBC3243595}.Debug|Mixed Platforms.Build.0 = Debug|Any CPU
		{7FB3C508-1FDC-4664-962C-9BCBC3243595}.Debug|x86.ActiveCfg = Debug|Any CPU
		{7FB3C508-1FDC-4664-962C-9BCBC3243595}.Release|Any CPU.ActiveCfg = Release|Any CPU
		{7FB3C508-1FDC-4664-962C-9BCBC3243595}.Release|Any CPU.Build.0 = Release|Any CPU
		{7FB3C508-1FDC-4664-962C-9BCBC3243595}.Release|Mixed Platforms.ActiveCfg = Release|Any CPU
		{7FB3C508-1FDC-4664-962C-9BCBC3243595}.Release|Mixed Platforms.Build.0 = Release|Any CPU
		{7FB3C508-1FDC-4664-962C-9BCBC3243595}.Release|x86.ActiveCfg = Release|Any CPU
		{812656A6-E7CC-4D51-993B-AC3592D7F753}.Debug|Any CPU.ActiveCfg = Debug|Any CPU
		{812656A6-E7CC-4D51-993B-AC3592D7F753}.Debug|Any CPU.Build.0 = Debug|Any CPU
		{812656A6-E7CC-4D51-993B-AC3592D7F753}.Debug|Mixed Platforms.ActiveCfg = Debug|Any CPU
		{812656A6-E7CC-4D51-993B-AC3592D7F753}.Debug|Mixed Platforms.Build.0 = Debug|Any CPU
		{812656A6-E7CC-4D51-993B-AC3592D7F753}.Debug|x86.ActiveCfg = Debug|Any CPU
		{812656A6-E7CC-4D51-993B-AC3592D7F753}.Release|Any CPU.ActiveCfg = Release|Any CPU
		{812656A6-E7CC-4D51-993B-AC3592D7F753}.Release|Any CPU.Build.0 = Release|Any CPU
		{812656A6-E7CC-4D51-993B-AC3592D7F753}.Release|Mixed Platforms.ActiveCfg = Release|Any CPU
		{812656A6-E7CC-4D51-993B-AC3592D7F753}.Release|Mixed Platforms.Build.0 = Release|Any CPU
		{812656A6-E7CC-4D51-993B-AC3592D7F753}.Release|x86.ActiveCfg = Release|Any CPU
		{AA6F387F-BB41-4FA8-B38A-7037A7C59716}.Debug|Any CPU.ActiveCfg = Debug|Any CPU
		{AA6F387F-BB41-4FA8-B38A-7037A7C59716}.Debug|Any CPU.Build.0 = Debug|Any CPU
		{AA6F387F-BB41-4FA8-B38A-7037A7C59716}.Debug|Mixed Platforms.ActiveCfg = Debug|x86
		{AA6F387F-BB41-4FA8-B38A-7037A7C59716}.Debug|Mixed Platforms.Build.0 = Debug|x86
		{AA6F387F-BB41-4FA8-B38A-7037A7C59716}.Debug|x86.ActiveCfg = Debug|x86
		{AA6F387F-BB41-4FA8-B38A-7037A7C59716}.Debug|x86.Build.0 = Debug|x86
		{AA6F387F-BB41-4FA8-B38A-7037A7C59716}.Release|Any CPU.ActiveCfg = Release|Any CPU
		{AA6F387F-BB41-4FA8-B38A-7037A7C59716}.Release|Any CPU.Build.0 = Release|Any CPU
		{AA6F387F-BB41-4FA8-B38A-7037A7C59716}.Release|Mixed Platforms.ActiveCfg = Release|x86
		{AA6F387F-BB41-4FA8-B38A-7037A7C59716}.Release|Mixed Platforms.Build.0 = Release|x86
		{AA6F387F-BB41-4FA8-B38A-7037A7C59716}.Release|x86.ActiveCfg = Release|x86
		{AA6F387F-BB41-4FA8-B38A-7037A7C59716}.Release|x86.Build.0 = Release|x86
	EndGlobalSection
	GlobalSection(SolutionProperties) = preSolution
		HideSolutionNode = FALSE
	EndGlobalSection
EndGlobal
